
Microsoft Visual Studio Solution File, Format Version 12.00
# Visual Studio Version 17
VisualStudioVersion = 17.0.31919.166
MinimumVisualStudioVersion = 10.0.40219.1
Project("{9A19103F-16F7-4668-BE54-9A1E7A4F7556}") = "ReservationApp", "ReservationApp\ReservationApp.csproj", "{148FF1EA-DC78-4B6B-8284-5CFC87FDB77E}"
EndProject
Global
	GlobalSection(SolutionConfigurationPlatforms) = preSolution
		Debug|Any CPU = Debug|Any CPU
		Release|Any CPU = Release|Any CPU
	EndGlobalSection
	GlobalSection(ProjectConfigurationPlatforms) = postSolution
		{148FF1EA-DC78-4B6B-8284-5CFC87FDB77E}.Debug|Any CPU.ActiveCfg = Debug|Any CPU
		{148FF1EA-DC78-4B6B-8284-5CFC87FDB77E}.Debug|Any CPU.Build.0 = Debug|Any CPU
		{148FF1EA-DC78-4B6B-8284-5CFC87FDB77E}.Release|Any CPU.ActiveCfg = Release|Any CPU
		{148FF1EA-DC78-4B6B-8284-5CFC87FDB77E}.Release|Any CPU.Build.0 = Release|Any CPU
	EndGlobalSection
	GlobalSection(SolutionProperties) = preSolution
		HideSolutionNode = FALSE
	EndGlobalSection
	GlobalSection(ExtensibilityGlobals) = postSolution
		SolutionGuid = {1AE39BD1-9FB3-450D-B5FD-68DE4FC65A12}
	EndGlobalSection
EndGlobal
